
Microsoft Visual Studio Solution File, Format Version 10.00
# Visual Studio 2008
Project("{FAE04EC0-301F-11D3-BF4B-00C04F79EFBC}") = "WiPFlash.Examples", "Examples\WiPFlash.Examples.csproj", "{B45E10DF-598D-4659-A0B1-40BE2D61DBDC}"
	ProjectSection(ProjectDependencies) = postProject
		{2F0CEBB3-A042-4C4D-A5A6-23B83928F0DE} = {2F0CEBB3-A042-4C4D-A5A6-23B83928F0DE}
	EndProjectSection
EndProject
Project("{FAE04EC0-301F-11D3-BF4B-00C04F79EFBC}") = "WiPFlash", "WiPFlash\WiPFlash.csproj", "{61FB3011-0DAA-48DD-9FF3-9944E6FF5E79}"
EndProject
Project("{FAE04EC0-301F-11D3-BF4B-00C04F79EFBC}") = "Example.PetShop.Scenarios", "Example.PetShop.Scenarios\Example.PetShop.Scenarios.csproj", "{A1EFE966-DCCC-467E-AE23-9FF30A444EF0}"
EndProject
Project("{FAE04EC0-301F-11D3-BF4B-00C04F79EFBC}") = "Example.PetShop", "Example.PetShop\Example.PetShop.csproj", "{2F0CEBB3-A042-4C4D-A5A6-23B83928F0DE}"
EndProject
Project("{FAE04EC0-301F-11D3-BF4B-00C04F79EFBC}") = "Example.PetShop.Behavior", "Example.PetShop.Behavior\Example.PetShop.Behavior.csproj", "{8AF45247-EB9B-40E1-AA9A-5191DBCF6413}"
EndProject
Global
	GlobalSection(SolutionConfigurationPlatforms) = preSolution
		Debug|Any CPU = Debug|Any CPU
		Release|Any CPU = Release|Any CPU
	EndGlobalSection
	GlobalSection(ProjectConfigurationPlatforms) = postSolution
		{B45E10DF-598D-4659-A0B1-40BE2D61DBDC}.Debug|Any CPU.ActiveCfg = Debug|Any CPU
		{B45E10DF-598D-4659-A0B1-40BE2D61DBDC}.Debug|Any CPU.Build.0 = Debug|Any CPU
		{B45E10DF-598D-4659-A0B1-40BE2D61DBDC}.Release|Any CPU.ActiveCfg = Release|Any CPU
		{B45E10DF-598D-4659-A0B1-40BE2D61DBDC}.Release|Any CPU.Build.0 = Release|Any CPU
		{61FB3011-0DAA-48DD-9FF3-9944E6FF5E79}.Debug|Any CPU.ActiveCfg = Debug|Any CPU
		{61FB3011-0DAA-48DD-9FF3-9944E6FF5E79}.Debug|Any CPU.Build.0 = Debug|Any CPU
		{61FB3011-0DAA-48DD-9FF3-9944E6FF5E79}.Release|Any CPU.ActiveCfg = Release|Any CPU
		{61FB3011-0DAA-48DD-9FF3-9944E6FF5E79}.Release|Any CPU.Build.0 = Release|Any CPU
		{A1EFE966-DCCC-467E-AE23-9FF30A444EF0}.Debug|Any CPU.ActiveCfg = Debug|Any CPU
		{A1EFE966-DCCC-467E-AE23-9FF30A444EF0}.Debug|Any CPU.Build.0 = Debug|Any CPU
		{A1EFE966-DCCC-467E-AE23-9FF30A444EF0}.Release|Any CPU.ActiveCfg = Release|Any CPU
		{A1EFE966-DCCC-467E-AE23-9FF30A444EF0}.Release|Any CPU.Build.0 = Release|Any CPU
		{2F0CEBB3-A042-4C4D-A5A6-23B83928F0DE}.Debug|Any CPU.ActiveCfg = Debug|Any CPU
		{2F0CEBB3-A042-4C4D-A5A6-23B83928F0DE}.Debug|Any CPU.Build.0 = Debug|Any CPU
		{2F0CEBB3-A042-4C4D-A5A6-23B83928F0DE}.Release|Any CPU.ActiveCfg = Release|Any CPU
		{2F0CEBB3-A042-4C4D-A5A6-23B83928F0DE}.Release|Any CPU.Build.0 = Release|Any CPU
		{8AF45247-EB9B-40E1-AA9A-5191DBCF6413}.Debug|Any CPU.ActiveCfg = Debug|Any CPU
		{8AF45247-EB9B-40E1-AA9A-5191DBCF6413}.Debug|Any CPU.Build.0 = Debug|Any CPU
		{8AF45247-EB9B-40E1-AA9A-5191DBCF6413}.Release|Any CPU.ActiveCfg = Release|Any CPU
		{8AF45247-EB9B-40E1-AA9A-5191DBCF6413}.Release|Any CPU.Build.0 = Release|Any CPU
	EndGlobalSection
	GlobalSection(SolutionProperties) = preSolution
		HideSolutionNode = FALSE
	EndGlobalSection
EndGlobal
